
Microsoft Visual Studio Solution File, Format Version 12.00
# Visual Studio Version 17
VisualStudioVersion = 17.6.33815.320
MinimumVisualStudioVersion = 10.0.40219.1
Project("{FAE04EC0-301F-11D3-BF4B-00C04F79EFBC}") = "ALevelHomework12", "ALevelHomework12\ALevelHomework12.csproj", "{9F9D46DE-4D5A-460C-BD47-ED9DA7C4A507}"
EndProject
Global
	GlobalSection(SolutionConfigurationPlatforms) = preSolution
		Debug|Any CPU = Debug|Any CPU
		Release|Any CPU = Release|Any CPU
	EndGlobalSection
	GlobalSection(ProjectConfigurationPlatforms) = postSolution
		{9F9D46DE-4D5A-460C-BD47-ED9DA7C4A507}.Debug|Any CPU.ActiveCfg = Debug|Any CPU
		{9F9D46DE-4D5A-460C-BD47-ED9DA7C4A507}.Debug|Any CPU.Build.0 = Debug|Any CPU
		{9F9D46DE-4D5A-460C-BD47-ED9DA7C4A507}.Release|Any CPU.ActiveCfg = Release|Any CPU
		{9F9D46DE-4D5A-460C-BD47-ED9DA7C4A507}.Release|Any CPU.Build.0 = Release|Any CPU
	EndGlobalSection
	GlobalSection(SolutionProperties) = preSolution
		HideSolutionNode = FALSE
	EndGlobalSection
	GlobalSection(ExtensibilityGlobals) = postSolution
		SolutionGuid = {1C29C5AE-BF85-4610-81C5-0A0FAD81F56E}
	EndGlobalSection
EndGlobal
