
Microsoft Visual Studio Solution File, Format Version 12.00
# Visual Studio Version 17
VisualStudioVersion = 17.6.33815.320
MinimumVisualStudioVersion = 10.0.40219.1
Project("{FAE04EC0-301F-11D3-BF4B-00C04F79EFBC}") = "ALevelHomework6.0", "ALevelHomework6.0\ALevelHomework6.0.csproj", "{50A6B1C4-B900-466B-87CA-D3AD67FA5104}"
EndProject
Global
	GlobalSection(SolutionConfigurationPlatforms) = preSolution
		Debug|Any CPU = Debug|Any CPU
		Release|Any CPU = Release|Any CPU
	EndGlobalSection
	GlobalSection(ProjectConfigurationPlatforms) = postSolution
		{50A6B1C4-B900-466B-87CA-D3AD67FA5104}.Debug|Any CPU.ActiveCfg = Debug|Any CPU
		{50A6B1C4-B900-466B-87CA-D3AD67FA5104}.Debug|Any CPU.Build.0 = Debug|Any CPU
		{50A6B1C4-B900-466B-87CA-D3AD67FA5104}.Release|Any CPU.ActiveCfg = Release|Any CPU
		{50A6B1C4-B900-466B-87CA-D3AD67FA5104}.Release|Any CPU.Build.0 = Release|Any CPU
	EndGlobalSection
	GlobalSection(SolutionProperties) = preSolution
		HideSolutionNode = FALSE
	EndGlobalSection
	GlobalSection(ExtensibilityGlobals) = postSolution
		SolutionGuid = {D54151A9-A7F6-4A76-B3AA-73DEA2F0BB4E}
	EndGlobalSection
EndGlobal
