
Microsoft Visual Studio Solution File, Format Version 12.00
# Visual Studio Version 17
VisualStudioVersion = 17.6.33815.320
MinimumVisualStudioVersion = 10.0.40219.1
Project("{FAE04EC0-301F-11D3-BF4B-00C04F79EFBC}") = "ALevelHomework20.0.0", "ALevelHomework20.0.0\ALevelHomework20.0.0.csproj", "{342D35DF-8D7D-4B8B-AD3C-E4AD75A5B66A}"
EndProject
Global
	GlobalSection(SolutionConfigurationPlatforms) = preSolution
		Debug|Any CPU = Debug|Any CPU
		Release|Any CPU = Release|Any CPU
	EndGlobalSection
	GlobalSection(ProjectConfigurationPlatforms) = postSolution
		{342D35DF-8D7D-4B8B-AD3C-E4AD75A5B66A}.Debug|Any CPU.ActiveCfg = Debug|Any CPU
		{342D35DF-8D7D-4B8B-AD3C-E4AD75A5B66A}.Debug|Any CPU.Build.0 = Debug|Any CPU
		{342D35DF-8D7D-4B8B-AD3C-E4AD75A5B66A}.Release|Any CPU.ActiveCfg = Release|Any CPU
		{342D35DF-8D7D-4B8B-AD3C-E4AD75A5B66A}.Release|Any CPU.Build.0 = Release|Any CPU
	EndGlobalSection
	GlobalSection(SolutionProperties) = preSolution
		HideSolutionNode = FALSE
	EndGlobalSection
	GlobalSection(ExtensibilityGlobals) = postSolution
		SolutionGuid = {6208A965-F788-4D97-8A51-235B11679D14}
	EndGlobalSection
EndGlobal
