
Microsoft Visual Studio Solution File, Format Version 12.00
# Visual Studio Version 17
VisualStudioVersion = 17.6.33815.320
MinimumVisualStudioVersion = 10.0.40219.1
Project("{FAE04EC0-301F-11D3-BF4B-00C04F79EFBC}") = "ALevelHomework6", "ALevelHomework6\ALevelHomework6.csproj", "{30F7FBF0-4E85-4458-9C45-E5BB53DF0FC1}"
EndProject
Global
	GlobalSection(SolutionConfigurationPlatforms) = preSolution
		Debug|Any CPU = Debug|Any CPU
		Release|Any CPU = Release|Any CPU
	EndGlobalSection
	GlobalSection(ProjectConfigurationPlatforms) = postSolution
		{30F7FBF0-4E85-4458-9C45-E5BB53DF0FC1}.Debug|Any CPU.ActiveCfg = Debug|Any CPU
		{30F7FBF0-4E85-4458-9C45-E5BB53DF0FC1}.Debug|Any CPU.Build.0 = Debug|Any CPU
		{30F7FBF0-4E85-4458-9C45-E5BB53DF0FC1}.Release|Any CPU.ActiveCfg = Release|Any CPU
		{30F7FBF0-4E85-4458-9C45-E5BB53DF0FC1}.Release|Any CPU.Build.0 = Release|Any CPU
	EndGlobalSection
	GlobalSection(SolutionProperties) = preSolution
		HideSolutionNode = FALSE
	EndGlobalSection
	GlobalSection(ExtensibilityGlobals) = postSolution
		SolutionGuid = {EC1C9546-5343-4126-BA10-4326E4081AA9}
	EndGlobalSection
EndGlobal
