
Microsoft Visual Studio Solution File, Format Version 12.00
# Visual Studio Version 17
VisualStudioVersion = 17.6.33815.320
MinimumVisualStudioVersion = 10.0.40219.1
Project("{FAE04EC0-301F-11D3-BF4B-00C04F79EFBC}") = "ALevelHomework21", "ALevelHomework21\ALevelHomework21.csproj", "{6EDD22F3-51CA-4200-B0E3-4A002CA67A18}"
EndProject
Global
	GlobalSection(SolutionConfigurationPlatforms) = preSolution
		Debug|Any CPU = Debug|Any CPU
		Release|Any CPU = Release|Any CPU
	EndGlobalSection
	GlobalSection(ProjectConfigurationPlatforms) = postSolution
		{6EDD22F3-51CA-4200-B0E3-4A002CA67A18}.Debug|Any CPU.ActiveCfg = Debug|Any CPU
		{6EDD22F3-51CA-4200-B0E3-4A002CA67A18}.Debug|Any CPU.Build.0 = Debug|Any CPU
		{6EDD22F3-51CA-4200-B0E3-4A002CA67A18}.Release|Any CPU.ActiveCfg = Release|Any CPU
		{6EDD22F3-51CA-4200-B0E3-4A002CA67A18}.Release|Any CPU.Build.0 = Release|Any CPU
	EndGlobalSection
	GlobalSection(SolutionProperties) = preSolution
		HideSolutionNode = FALSE
	EndGlobalSection
	GlobalSection(ExtensibilityGlobals) = postSolution
		SolutionGuid = {FDA415FC-9665-4CF5-AA08-03735C29C9F5}
	EndGlobalSection
EndGlobal
