
Microsoft Visual Studio Solution File, Format Version 12.00
# Visual Studio Version 17
VisualStudioVersion = 17.6.33815.320
MinimumVisualStudioVersion = 10.0.40219.1
Project("{FAE04EC0-301F-11D3-BF4B-00C04F79EFBC}") = "ALevelHomework14LINQ", "ALevelHomework14LINQ\ALevelHomework14LINQ.csproj", "{409753BC-7140-4417-93CC-E1322A690648}"
EndProject
Global
	GlobalSection(SolutionConfigurationPlatforms) = preSolution
		Debug|Any CPU = Debug|Any CPU
		Release|Any CPU = Release|Any CPU
	EndGlobalSection
	GlobalSection(ProjectConfigurationPlatforms) = postSolution
		{409753BC-7140-4417-93CC-E1322A690648}.Debug|Any CPU.ActiveCfg = Debug|Any CPU
		{409753BC-7140-4417-93CC-E1322A690648}.Debug|Any CPU.Build.0 = Debug|Any CPU
		{409753BC-7140-4417-93CC-E1322A690648}.Release|Any CPU.ActiveCfg = Release|Any CPU
		{409753BC-7140-4417-93CC-E1322A690648}.Release|Any CPU.Build.0 = Release|Any CPU
	EndGlobalSection
	GlobalSection(SolutionProperties) = preSolution
		HideSolutionNode = FALSE
	EndGlobalSection
	GlobalSection(ExtensibilityGlobals) = postSolution
		SolutionGuid = {ABC7701F-1A14-4143-A301-99B065BD47A5}
	EndGlobalSection
EndGlobal
