
Microsoft Visual Studio Solution File, Format Version 12.00
# Visual Studio Version 17
VisualStudioVersion = 17.6.33815.320
MinimumVisualStudioVersion = 10.0.40219.1
Project("{FAE04EC0-301F-11D3-BF4B-00C04F79EFBC}") = "ALevelHomework15", "ALevelHomework15\ALevelHomework15.csproj", "{F56A624D-E7BF-4960-9422-6220255DA237}"
EndProject
Global
	GlobalSection(SolutionConfigurationPlatforms) = preSolution
		Debug|Any CPU = Debug|Any CPU
		Release|Any CPU = Release|Any CPU
	EndGlobalSection
	GlobalSection(ProjectConfigurationPlatforms) = postSolution
		{F56A624D-E7BF-4960-9422-6220255DA237}.Debug|Any CPU.ActiveCfg = Debug|Any CPU
		{F56A624D-E7BF-4960-9422-6220255DA237}.Debug|Any CPU.Build.0 = Debug|Any CPU
		{F56A624D-E7BF-4960-9422-6220255DA237}.Release|Any CPU.ActiveCfg = Release|Any CPU
		{F56A624D-E7BF-4960-9422-6220255DA237}.Release|Any CPU.Build.0 = Release|Any CPU
	EndGlobalSection
	GlobalSection(SolutionProperties) = preSolution
		HideSolutionNode = FALSE
	EndGlobalSection
	GlobalSection(ExtensibilityGlobals) = postSolution
		SolutionGuid = {5A59E19A-C678-4B13-BBE5-3682F715F37E}
	EndGlobalSection
EndGlobal
